
Microsoft Visual Studio Solution File, Format Version 12.00
# Visual Studio Version 16
VisualStudioVersion = 16.0.32630.194
MinimumVisualStudioVersion = 10.0.40219.1
Project("{8BC9CEB8-8B4A-11D0-8D11-00A0C91BC942}") = "Eureka", "Eureka\Eureka.vcxproj", "{BD826EB2-52CD-4A6C-A312-0B465224A3FD}"
EndProject
Global
	GlobalSection(SolutionConfigurationPlatforms) = preSolution
		Debug|x64 = Debug|x64
		Debug|x86 = Debug|x86
		Release|x64 = Release|x64
		Release|x86 = Release|x86
	EndGlobalSection
	GlobalSection(ProjectConfigurationPlatforms) = postSolution
		{BD826EB2-52CD-4A6C-A312-0B465224A3FD}.Debug|x64.ActiveCfg = Debug|x64
		{BD826EB2-52CD-4A6C-A312-0B465224A3FD}.Debug|x64.Build.0 = Debug|x64
		{BD826EB2-52CD-4A6C-A312-0B465224A3FD}.Debug|x86.ActiveCfg = Debug|Win32
		{BD826EB2-52CD-4A6C-A312-0B465224A3FD}.Debug|x86.Build.0 = Debug|Win32
		{BD826EB2-52CD-4A6C-A312-0B465224A3FD}.Release|x64.ActiveCfg = Release|x64
		{BD826EB2-52CD-4A6C-A312-0B465224A3FD}.Release|x64.Build.0 = Release|x64
		{BD826EB2-52CD-4A6C-A312-0B465224A3FD}.Release|x86.ActiveCfg = Release|Win32
		{BD826EB2-52CD-4A6C-A312-0B465224A3FD}.Release|x86.Build.0 = Release|Win32
	EndGlobalSection
	GlobalSection(SolutionProperties) = preSolution
		HideSolutionNode = FALSE
	EndGlobalSection
	GlobalSection(ExtensibilityGlobals) = postSolution
		SolutionGuid = {C085D5E0-7D7B-4079-96C4-8432BF130806}
	EndGlobalSection
EndGlobal
